// !$*UTF8*$!
{
	archiveVersion = 1;
	classes = {
	};
	objectVersion = 77;
	objects = {

/* Begin PBXBuildFile section */
		A1E7000000000000000000B1 /* AletheFoundation in Frameworks */ = {isa = PBXBuildFile; productRef = A1E7000000000000000000C1 /* AletheFoundation */; };
		A1E7000000000000000000B2 /* AletheDesign in Frameworks */ = {isa = PBXBuildFile; productRef = A1E7000000000000000000C2 /* AletheDesign */; };
		A1E7000000000000000000B3 /* AletheTerminal in Frameworks */ = {isa = PBXBuildFile; productRef = A1E7000000000000000000C3 /* AletheTerminal */; };
/* End PBXBuildFile section */

/* Begin PBXFileReference section */
		A1E7000000000000000000D1 /* Alethe.app */ = {isa = PBXFileReference; explicitFileType = wrapper.application; includeInIndex = 0; path = Alethe.app; sourceTree = BUILT_PRODUCTS_DIR; };
/* End PBXFileReference section */

/* Begin PBXFileSystemSynchronizedRootGroup section */
		A1E7000000000000000000E1 /* Alethe */ = {
			isa = PBXFileSystemSynchronizedRootGroup;
			path = Alethe;
			sourceTree = "<group>";
		};
/* End PBXFileSystemSynchronizedRootGroup section */

/* Begin PBXFrameworksBuildPhase section */
		A1E7000000000000000000F1 /* Frameworks */ = {
			isa = PBXFrameworksBuildPhase;
			buildActionMask = 2147483647;
			files = (
				A1E7000000000000000000B1 /* AletheFoundation in Frameworks */,
				A1E7000000000000000000B2 /* AletheDesign in Frameworks */,
				A1E7000000000000000000B3 /* AletheTerminal in Frameworks */,
			);
			runOnlyForDeploymentPostprocessing = 0;
		};
/* End PBXFrameworksBuildPhase section */

/* Begin PBXGroup section */
		A1E700000000000000000101 = {
			isa = PBXGroup;
			children = (
				A1E7000000000000000000E1 /* Alethe */,
				A1E700000000000000000102 /* Products */,
			);
			sourceTree = "<group>";
		};
		A1E700000000000000000102 /* Products */ = {
			isa = PBXGroup;
			children = (
				A1E7000000000000000000D1 /* Alethe.app */,
			);
			name = Products;
			sourceTree = "<group>";
		};
/* End PBXGroup section */

/* Begin PBXNativeTarget section */
		A1E700000000000000000201 /* Alethe */ = {
			isa = PBXNativeTarget;
			buildConfigurationList = A1E700000000000000000401 /* Build configuration list for PBXNativeTarget "Alethe" */;
			buildPhases = (
				A1E700000000000000000303 /* Check string catalogs */,
				A1E700000000000000000301 /* Sources */,
				A1E7000000000000000000F1 /* Frameworks */,
				A1E700000000000000000302 /* Resources */,
			);
			buildRules = (
			);
			dependencies = (
			);
			fileSystemSynchronizedGroups = (
				A1E7000000000000000000E1 /* Alethe */,
			);
			name = Alethe;
			packageProductDependencies = (
				A1E7000000000000000000C1 /* AletheFoundation */,
				A1E7000000000000000000C2 /* AletheDesign */,
				A1E7000000000000000000C3 /* AletheTerminal */,
			);
			productName = Alethe;
			productReference = A1E7000000000000000000D1 /* Alethe.app */;
			productType = "com.apple.product-type.application";
		};
/* End PBXNativeTarget section */

/* Begin PBXProject section */
		A1E700000000000000000501 /* Project object */ = {
			isa = PBXProject;
			attributes = {
				BuildIndependentTargetsInParallel = 1;
				LastSwiftUpdateCheck = 2700;
				LastUpgradeCheck = 2700;
				TargetAttributes = {
					A1E700000000000000000201 = {
						CreatedOnToolsVersion = 27.0;
					};
				};
			};
			buildConfigurationList = A1E700000000000000000402 /* Build configuration list for PBXProject "AletheNative" */;
			developmentRegion = en;
			hasScannedForEncodings = 0;
			knownRegions = (
				en,
				Base,
				"pt-BR",
			);
			mainGroup = A1E700000000000000000101;
			minimizedProjectReferenceProxies = 1;
			packageReferences = (
				A1E700000000000000000601 /* XCLocalSwiftPackageReference "Packages/AletheKit" */,
			);
			preferredProjectObjectVersion = 77;
			productRefGroup = A1E700000000000000000102 /* Products */;
			projectDirPath = "";
			projectRoot = "";
			targets = (
				A1E700000000000000000201 /* Alethe */,
			);
		};
/* End PBXProject section */

/* Begin PBXResourcesBuildPhase section */
		A1E700000000000000000302 /* Resources */ = {
			isa = PBXResourcesBuildPhase;
			buildActionMask = 2147483647;
			files = (
			);
			runOnlyForDeploymentPostprocessing = 0;
		};
/* End PBXResourcesBuildPhase section */

/* Begin PBXShellScriptBuildPhase section */
		A1E700000000000000000303 /* Check string catalogs */ = {
			isa = PBXShellScriptBuildPhase;
			alwaysOutOfDate = 1;
			buildActionMask = 2147483647;
			files = (
			);
			inputFileListPaths = (
			);
			inputPaths = (
			);
			name = "Check string catalogs";
			outputFileListPaths = (
			);
			outputPaths = (
			);
			runOnlyForDeploymentPostprocessing = 0;
			shellPath = /bin/sh;
			shellScript = "/usr/bin/python3 \"$SRCROOT/Scripts/check-strings.py\" \"$SRCROOT\"\n";
			showEnvVarsInLog = 0;
		};
/* End PBXShellScriptBuildPhase section */

/* Begin PBXSourcesBuildPhase section */
		A1E700000000000000000301 /* Sources */ = {
			isa = PBXSourcesBuildPhase;
			buildActionMask = 2147483647;
			files = (
			);
			runOnlyForDeploymentPostprocessing = 0;
		};
/* End PBXSourcesBuildPhase section */

/* Begin XCBuildConfiguration section */
		A1E700000000000000000701 /* Debug */ = {
			isa = XCBuildConfiguration;
			buildSettings = {
				ALETHE_SIGN_IDENTITY = "-";
				ALWAYS_SEARCH_USER_PATHS = NO;
				ASSETCATALOG_COMPILER_GENERATE_SWIFT_ASSET_SYMBOL_EXTENSIONS = YES;
				CLANG_ENABLE_MODULES = YES;
				CLANG_ENABLE_OBJC_ARC = YES;
				COPY_PHASE_STRIP = NO;
				DEBUG_INFORMATION_FORMAT = dwarf;
				ENABLE_STRICT_OBJC_MSGSEND = YES;
				ENABLE_TESTABILITY = YES;
				ENABLE_USER_SCRIPT_SANDBOXING = YES;
				GCC_OPTIMIZATION_LEVEL = 0;
				GCC_PREPROCESSOR_DEFINITIONS = (
					"DEBUG=1",
					"$(inherited)",
				);
				LOCALIZATION_PREFERS_STRING_CATALOGS = YES;
				MACOSX_DEPLOYMENT_TARGET = 26.0;
				ONLY_ACTIVE_ARCH = YES;
				SDKROOT = macosx;
				STRING_CATALOG_GENERATE_SYMBOLS = YES;
				SWIFT_ACTIVE_COMPILATION_CONDITIONS = "DEBUG $(inherited)";
				SWIFT_EMIT_LOC_STRINGS = YES;
				SWIFT_OPTIMIZATION_LEVEL = "-Onone";
				SWIFT_VERSION = 6.0;
			};
			name = Debug;
		};
		A1E700000000000000000702 /* Release */ = {
			isa = XCBuildConfiguration;
			buildSettings = {
				ALETHE_SIGN_IDENTITY = "-";
				ALWAYS_SEARCH_USER_PATHS = NO;
				ASSETCATALOG_COMPILER_GENERATE_SWIFT_ASSET_SYMBOL_EXTENSIONS = YES;
				CLANG_ENABLE_MODULES = YES;
				CLANG_ENABLE_OBJC_ARC = YES;
				COPY_PHASE_STRIP = NO;
				DEBUG_INFORMATION_FORMAT = "dwarf-with-dsym";
				ENABLE_NS_ASSERTIONS = NO;
				ENABLE_STRICT_OBJC_MSGSEND = YES;
				ENABLE_USER_SCRIPT_SANDBOXING = YES;
				LOCALIZATION_PREFERS_STRING_CATALOGS = YES;
				MACOSX_DEPLOYMENT_TARGET = 26.0;
				SDKROOT = macosx;
				STRING_CATALOG_GENERATE_SYMBOLS = YES;
				SWIFT_COMPILATION_MODE = wholemodule;
				SWIFT_EMIT_LOC_STRINGS = YES;
				SWIFT_VERSION = 6.0;
			};
			name = Release;
		};
		A1E700000000000000000703 /* Debug */ = {
			isa = XCBuildConfiguration;
			buildSettings = {
				CODE_SIGN_IDENTITY = "$(ALETHE_SIGN_IDENTITY)";
				CODE_SIGN_STYLE = Manual;
				COMBINE_HIDPI_IMAGES = YES;
				CURRENT_PROJECT_VERSION = 1;
				ENABLE_DEBUG_DYLIB = NO;
				ENABLE_USER_SCRIPT_SANDBOXING = NO;
				ENABLE_HARDENED_RUNTIME = YES;
				GENERATE_INFOPLIST_FILE = YES;
				INFOPLIST_KEY_CFBundleDisplayName = Alethe;
				INFOPLIST_KEY_LSApplicationCategoryType = "public.app-category.developer-tools";
				INFOPLIST_KEY_NSHumanReadableCopyright = "";
				LD_RUNPATH_SEARCH_PATHS = (
					"$(inherited)",
					"@executable_path/../Frameworks",
				);
				MARKETING_VERSION = 0.1.0;
				PRODUCT_BUNDLE_IDENTIFIER = com.kc1t.alethe.mac;
				PRODUCT_NAME = "$(TARGET_NAME)";
				SWIFT_EMIT_LOC_STRINGS = YES;
			};
			name = Debug;
		};
		A1E700000000000000000704 /* Release */ = {
			isa = XCBuildConfiguration;
			buildSettings = {
				CODE_SIGN_IDENTITY = "$(ALETHE_SIGN_IDENTITY)";
				CODE_SIGN_STYLE = Manual;
				COMBINE_HIDPI_IMAGES = YES;
				CURRENT_PROJECT_VERSION = 1;
				ENABLE_DEBUG_DYLIB = NO;
				ENABLE_USER_SCRIPT_SANDBOXING = NO;
				ENABLE_HARDENED_RUNTIME = YES;
				GENERATE_INFOPLIST_FILE = YES;
				INFOPLIST_KEY_CFBundleDisplayName = Alethe;
				INFOPLIST_KEY_LSApplicationCategoryType = "public.app-category.developer-tools";
				INFOPLIST_KEY_NSHumanReadableCopyright = "";
				LD_RUNPATH_SEARCH_PATHS = (
					"$(inherited)",
					"@executable_path/../Frameworks",
				);
				MARKETING_VERSION = 0.1.0;
				PRODUCT_BUNDLE_IDENTIFIER = com.kc1t.alethe.mac;
				PRODUCT_NAME = "$(TARGET_NAME)";
				SWIFT_EMIT_LOC_STRINGS = YES;
			};
			name = Release;
		};
/* End XCBuildConfiguration section */

/* Begin XCConfigurationList section */
		A1E700000000000000000401 /* Build configuration list for PBXNativeTarget "Alethe" */ = {
			isa = XCConfigurationList;
			buildConfigurations = (
				A1E700000000000000000703 /* Debug */,
				A1E700000000000000000704 /* Release */,
			);
			defaultConfigurationIsVisible = 0;
			defaultConfigurationName = Release;
		};
		A1E700000000000000000402 /* Build configuration list for PBXProject "AletheNative" */ = {
			isa = XCConfigurationList;
			buildConfigurations = (
				A1E700000000000000000701 /* Debug */,
				A1E700000000000000000702 /* Release */,
			);
			defaultConfigurationIsVisible = 0;
			defaultConfigurationName = Release;
		};
/* End XCConfigurationList section */

/* Begin XCLocalSwiftPackageReference section */
		A1E700000000000000000601 /* XCLocalSwiftPackageReference "Packages/AletheKit" */ = {
			isa = XCLocalSwiftPackageReference;
			relativePath = Packages/AletheKit;
		};
/* End XCLocalSwiftPackageReference section */

/* Begin XCSwiftPackageProductDependency section */
		A1E7000000000000000000C1 /* AletheFoundation */ = {
			isa = XCSwiftPackageProductDependency;
			package = A1E700000000000000000601 /* XCLocalSwiftPackageReference "Packages/AletheKit" */;
			productName = AletheFoundation;
		};
		A1E7000000000000000000C2 /* AletheDesign */ = {
			isa = XCSwiftPackageProductDependency;
			package = A1E700000000000000000601 /* XCLocalSwiftPackageReference "Packages/AletheKit" */;
			productName = AletheDesign;
		};
		A1E7000000000000000000C3 /* AletheTerminal */ = {
			isa = XCSwiftPackageProductDependency;
			package = A1E700000000000000000601 /* XCLocalSwiftPackageReference "Packages/AletheKit" */;
			productName = AletheTerminal;
		};
/* End XCSwiftPackageProductDependency section */
	};
	rootObject = A1E700000000000000000501 /* Project object */;
}
